// !$*UTF8*$!
{
	archiveVersion = 1;
	classes = {
	};
	objectVersion = 48;
	objects = {

/* Begin PBXBuildFile section */
		521B00851FB40FAA00AC7050 /* AppDelegate.swift in Sources */ = {isa = PBXBuildFile; fileRef = 521B00841FB40FAA00AC7050 /* AppDelegate.swift */; };
		521B00871FB40FAA00AC7050 /* ViewController.swift in Sources */ = {isa = PBXBuildFile; fileRef = 521B00861FB40FAA00AC7050 /* ViewController.swift */; };
		521B00891FB40FAA00AC7050 /* Assets.xcassets in Resources */ = {isa = PBXBuildFile; fileRef = 521B00881FB40FAA00AC7050 /* Assets.xcassets */; };
		521B008C1FB40FAA00AC7050 /* Main.storyboard in Resources */ = {isa = PBXBuildFile; fileRef = 521B008A1FB40FAA00AC7050 /* Main.storyboard */; };
		521B00A51FB43D5E00AC7050 /* main.swift in Sources */ = {isa = PBXBuildFile; fileRef = 521B00A41FB43D5E00AC7050 /* main.swift */; };
		521B00AC1FB43DB000AC7050 /* KIFileOperations.swift in Sources */ = {isa = PBXBuildFile; fileRef = 521B00AB1FB43DB000AC7050 /* KIFileOperations.swift */; };
		521B00AE1FB43DF800AC7050 /* KIErrors.swift in Sources */ = {isa = PBXBuildFile; fileRef = 521B00AD1FB43DF800AC7050 /* KIErrors.swift */; };
		52A79F2A1FBD1342005F32C3 /* KIView.swift in Sources */ = {isa = PBXBuildFile; fileRef = 52A79F291FBD1342005F32C3 /* KIView.swift */; };
/* End PBXBuildFile section */

/* Begin PBXCopyFilesBuildPhase section */
		5242EB5D1FB69ACD004F4BC7 /* CopyFiles */ = {
			isa = PBXCopyFilesBuildPhase;
			buildActionMask = 2147483647;
			dstPath = "";
			dstSubfolderSpec = 6;
			files = (
			);
			runOnlyForDeploymentPostprocessing = 0;
		};
/* End PBXCopyFilesBuildPhase section */

/* Begin PBXFileReference section */
		521B00811FB40FAA00AC7050 /* Keyboard Installer.app */ = {isa = PBXFileReference; explicitFileType = wrapper.application; includeInIndex = 0; path = "Keyboard Installer.app"; sourceTree = BUILT_PRODUCTS_DIR; };
		521B00841FB40FAA00AC7050 /* AppDelegate.swift */ = {isa = PBXFileReference; lastKnownFileType = sourcecode.swift; path = AppDelegate.swift; sourceTree = "<group>"; };
		521B00861FB40FAA00AC7050 /* ViewController.swift */ = {isa = PBXFileReference; lastKnownFileType = sourcecode.swift; path = ViewController.swift; sourceTree = "<group>"; };
		521B00881FB40FAA00AC7050 /* Assets.xcassets */ = {isa = PBXFileReference; lastKnownFileType = folder.assetcatalog; path = Assets.xcassets; sourceTree = "<group>"; };
		521B008B1FB40FAA00AC7050 /* Base */ = {isa = PBXFileReference; lastKnownFileType = file.storyboard; name = Base; path = Base.lproj/Main.storyboard; sourceTree = "<group>"; };
		521B008D1FB40FAA00AC7050 /* Info.plist */ = {isa = PBXFileReference; lastKnownFileType = text.plist.xml; path = Info.plist; sourceTree = "<group>"; };
		521B00A21FB43D5E00AC7050 /* KIFileMover */ = {isa = PBXFileReference; explicitFileType = "compiled.mach-o.executable"; includeInIndex = 0; path = KIFileMover; sourceTree = BUILT_PRODUCTS_DIR; };
		521B00A41FB43D5E00AC7050 /* main.swift */ = {isa = PBXFileReference; lastKnownFileType = sourcecode.swift; path = main.swift; sourceTree = "<group>"; };
		521B00AB1FB43DB000AC7050 /* KIFileOperations.swift */ = {isa = PBXFileReference; fileEncoding = 4; lastKnownFileType = sourcecode.swift; path = KIFileOperations.swift; sourceTree = "<group>"; };
		521B00AD1FB43DF800AC7050 /* KIErrors.swift */ = {isa = PBXFileReference; fileEncoding = 4; lastKnownFileType = sourcecode.swift; path = KIErrors.swift; sourceTree = "<group>"; };
		524F68AD231652A100593EEA /* Keyboard Installer.entitlements */ = {isa = PBXFileReference; lastKnownFileType = text.plist.entitlements; path = "Keyboard Installer.entitlements"; sourceTree = "<group>"; };
		52A79F291FBD1342005F32C3 /* KIView.swift */ = {isa = PBXFileReference; fileEncoding = 4; lastKnownFileType = sourcecode.swift; path = KIView.swift; sourceTree = "<group>"; };
/* End PBXFileReference section */

/* Begin PBXFrameworksBuildPhase section */
		521B007E1FB40FAA00AC7050 /* Frameworks */ = {
			isa = PBXFrameworksBuildPhase;
			buildActionMask = 2147483647;
			files = (
			);
			runOnlyForDeploymentPostprocessing = 0;
		};
		521B009F1FB43D5E00AC7050 /* Frameworks */ = {
			isa = PBXFrameworksBuildPhase;
			buildActionMask = 2147483647;
			files = (
			);
			runOnlyForDeploymentPostprocessing = 0;
		};
/* End PBXFrameworksBuildPhase section */

/* Begin PBXGroup section */
		521B00781FB40FAA00AC7050 = {
			isa = PBXGroup;
			children = (
				521B00831FB40FAA00AC7050 /* Keyboard Installer */,
				521B00A31FB43D5E00AC7050 /* KIFileMover */,
				521B00821FB40FAA00AC7050 /* Products */,
			);
			sourceTree = "<group>";
		};
		521B00821FB40FAA00AC7050 /* Products */ = {
			isa = PBXGroup;
			children = (
				521B00811FB40FAA00AC7050 /* Keyboard Installer.app */,
				521B00A21FB43D5E00AC7050 /* KIFileMover */,
			);
			name = Products;
			sourceTree = "<group>";
		};
		521B00831FB40FAA00AC7050 /* Keyboard Installer */ = {
			isa = PBXGroup;
			children = (
				524F68AD231652A100593EEA /* Keyboard Installer.entitlements */,
				521B00841FB40FAA00AC7050 /* AppDelegate.swift */,
				521B00861FB40FAA00AC7050 /* ViewController.swift */,
				52A79F291FBD1342005F32C3 /* KIView.swift */,
				521B00881FB40FAA00AC7050 /* Assets.xcassets */,
				521B008A1FB40FAA00AC7050 /* Main.storyboard */,
				521B008D1FB40FAA00AC7050 /* Info.plist */,
				521B00AB1FB43DB000AC7050 /* KIFileOperations.swift */,
				521B00AD1FB43DF800AC7050 /* KIErrors.swift */,
			);
			path = "Keyboard Installer";
			sourceTree = "<group>";
		};
		521B00A31FB43D5E00AC7050 /* KIFileMover */ = {
			isa = PBXGroup;
			children = (
				521B00A41FB43D5E00AC7050 /* main.swift */,
			);
			path = KIFileMover;
			sourceTree = "<group>";
		};
/* End PBXGroup section */

/* Begin PBXNativeTarget section */
		521B00801FB40FAA00AC7050 /* Keyboard Installer */ = {
			isa = PBXNativeTarget;
			buildConfigurationList = 521B00901FB40FAA00AC7050 /* Build configuration list for PBXNativeTarget "Keyboard Installer" */;
			buildPhases = (
				521B007D1FB40FAA00AC7050 /* Sources */,
				521B007E1FB40FAA00AC7050 /* Frameworks */,
				521B007F1FB40FAA00AC7050 /* Resources */,
				5242EB5D1FB69ACD004F4BC7 /* CopyFiles */,
			);
			buildRules = (
			);
			dependencies = (
			);
			name = "Keyboard Installer";
			productName = "Keyboard Installer";
			productReference = 521B00811FB40FAA00AC7050 /* Keyboard Installer.app */;
			productType = "com.apple.product-type.application";
		};
		521B00A11FB43D5E00AC7050 /* KIFileMover */ = {
			isa = PBXNativeTarget;
			buildConfigurationList = 521B00A61FB43D5E00AC7050 /* Build configuration list for PBXNativeTarget "KIFileMover" */;
			buildPhases = (
				521B009E1FB43D5E00AC7050 /* Sources */,
				521B009F1FB43D5E00AC7050 /* Frameworks */,
			);
			buildRules = (
			);
			dependencies = (
			);
			name = KIFileMover;
			productName = KIFileMover;
			productReference = 521B00A21FB43D5E00AC7050 /* KIFileMover */;
			productType = "com.apple.product-type.tool";
		};
/* End PBXNativeTarget section */

/* Begin PBXProject section */
		521B00791FB40FAA00AC7050 /* Project object */ = {
			isa = PBXProject;
			attributes = {
				CLASSPREFIX = KI;
				LastSwiftUpdateCheck = 0830;
				LastUpgradeCheck = 1220;
				ORGANIZATIONNAME = "John Brownie";
				TargetAttributes = {
					521B00801FB40FAA00AC7050 = {
						CreatedOnToolsVersion = 8.3.2;
						LastSwiftMigration = 1030;
						ProvisioningStyle = Automatic;
						SystemCapabilities = {
							com.apple.HardenedRuntime = {
								enabled = 1;
							};
						};
					};
					521B00A11FB43D5E00AC7050 = {
						CreatedOnToolsVersion = 8.3.2;
						ProvisioningStyle = Automatic;
					};
				};
			};
			buildConfigurationList = 521B007C1FB40FAA00AC7050 /* Build configuration list for PBXProject "Keyboard Installer" */;
			compatibilityVersion = "Xcode 8.0";
			developmentRegion = en;
			hasScannedForEncodings = 0;
			knownRegions = (
				en,
				Base,
			);
			mainGroup = 521B00781FB40FAA00AC7050;
			productRefGroup = 521B00821FB40FAA00AC7050 /* Products */;
			projectDirPath = "";
			projectRoot = "";
			targets = (
				521B00801FB40FAA00AC7050 /* Keyboard Installer */,
				521B00A11FB43D5E00AC7050 /* KIFileMover */,
			);
		};
/* End PBXProject section */

/* Begin PBXResourcesBuildPhase section */
		521B007F1FB40FAA00AC7050 /* Resources */ = {
			isa = PBXResourcesBuildPhase;
			buildActionMask = 2147483647;
			files = (
				521B00891FB40FAA00AC7050 /* Assets.xcassets in Resources */,
				521B008C1FB40FAA00AC7050 /* Main.storyboard in Resources */,
			);
			runOnlyForDeploymentPostprocessing = 0;
		};
/* End PBXResourcesBuildPhase section */

/* Begin PBXSourcesBuildPhase section */
		521B007D1FB40FAA00AC7050 /* Sources */ = {
			isa = PBXSourcesBuildPhase;
			buildActionMask = 2147483647;
			files = (
				521B00AC1FB43DB000AC7050 /* KIFileOperations.swift in Sources */,
				521B00871FB40FAA00AC7050 /* ViewController.swift in Sources */,
				521B00AE1FB43DF800AC7050 /* KIErrors.swift in Sources */,
				521B00851FB40FAA00AC7050 /* AppDelegate.swift in Sources */,
				52A79F2A1FBD1342005F32C3 /* KIView.swift in Sources */,
			);
			runOnlyForDeploymentPostprocessing = 0;
		};
		521B009E1FB43D5E00AC7050 /* Sources */ = {
			isa = PBXSourcesBuildPhase;
			buildActionMask = 2147483647;
			files = (
				521B00A51FB43D5E00AC7050 /* main.swift in Sources */,
			);
			runOnlyForDeploymentPostprocessing = 0;
		};
/* End PBXSourcesBuildPhase section */

/* Begin PBXVariantGroup section */
		521B008A1FB40FAA00AC7050 /* Main.storyboard */ = {
			isa = PBXVariantGroup;
			children = (
				521B008B1FB40FAA00AC7050 /* Base */,
			);
			name = Main.storyboard;
			sourceTree = "<group>";
		};
/* End PBXVariantGroup section */

/* Begin XCBuildConfiguration section */
		521B008E1FB40FAA00AC7050 /* Debug */ = {
			isa = XCBuildConfiguration;
			buildSettings = {
				ALWAYS_SEARCH_USER_PATHS = NO;
				CLANG_ANALYZER_LOCALIZABILITY_NONLOCALIZED = YES;
				CLANG_ANALYZER_NONNULL = YES;
				CLANG_ANALYZER_NUMBER_OBJECT_CONVERSION = YES_AGGRESSIVE;
				CLANG_CXX_LANGUAGE_STANDARD = "gnu++0x";
				CLANG_CXX_LIBRARY = "libc++";
				CLANG_ENABLE_MODULES = YES;
				CLANG_ENABLE_OBJC_ARC = YES;
				CLANG_WARN_BLOCK_CAPTURE_AUTORELEASING = YES;
				CLANG_WARN_BOOL_CONVERSION = YES;
				CLANG_WARN_COMMA = YES;
				CLANG_WARN_CONSTANT_CONVERSION = YES;
				CLANG_WARN_DEPRECATED_OBJC_IMPLEMENTATIONS = YES;
				CLANG_WARN_DIRECT_OBJC_ISA_USAGE = YES_ERROR;
				CLANG_WARN_DOCUMENTATION_COMMENTS = YES;
				CLANG_WARN_EMPTY_BODY = YES;
				CLANG_WARN_ENUM_CONVERSION = YES;
				CLANG_WARN_INFINITE_RECURSION = YES;
				CLANG_WARN_INT_CONVERSION = YES;
				CLANG_WARN_NON_LITERAL_NULL_CONVERSION = YES;
				CLANG_WARN_OBJC_IMPLICIT_RETAIN_SELF = YES;
				CLANG_WARN_OBJC_LITERAL_CONVERSION = YES;
				CLANG_WARN_OBJC_ROOT_CLASS = YES_ERROR;
				CLANG_WARN_QUOTED_INCLUDE_IN_FRAMEWORK_HEADER = YES;
				CLANG_WARN_RANGE_LOOP_ANALYSIS = YES;
				CLANG_WARN_STRICT_PROTOTYPES = YES;
				CLANG_WARN_SUSPICIOUS_MOVE = YES;
				CLANG_WARN_UNREACHABLE_CODE = YES;
				CLANG_WARN__DUPLICATE_METHOD_MATCH = YES;
				CODE_SIGN_IDENTITY = "-";
				COPY_PHASE_STRIP = NO;
				DEBUG_INFORMATION_FORMAT = dwarf;
				ENABLE_HARDENED_RUNTIME = YES;
				ENABLE_STRICT_OBJC_MSGSEND = YES;
				ENABLE_TESTABILITY = YES;
				GCC_C_LANGUAGE_STANDARD = gnu99;
				GCC_DYNAMIC_NO_PIC = NO;
				GCC_NO_COMMON_BLOCKS = YES;
				GCC_OPTIMIZATION_LEVEL = 0;
				GCC_PREPROCESSOR_DEFINITIONS = (
					"DEBUG=1",
					"$(inherited)",
				);
				GCC_WARN_64_TO_32_BIT_CONVERSION = YES;
				GCC_WARN_ABOUT_RETURN_TYPE = YES_ERROR;
				GCC_WARN_UNDECLARED_SELECTOR = YES;
				GCC_WARN_UNINITIALIZED_AUTOS = YES_AGGRESSIVE;
				GCC_WARN_UNUSED_FUNCTION = YES;
				GCC_WARN_UNUSED_VARIABLE = YES;
				MACOSX_DEPLOYMENT_TARGET = 10.10;
				MTL_ENABLE_DEBUG_INFO = YES;
				ONLY_ACTIVE_ARCH = YES;
				SDKROOT = macosx;
				SWIFT_ACTIVE_COMPILATION_CONDITIONS = DEBUG;
				SWIFT_OPTIMIZATION_LEVEL = "-Onone";
			};
			name = Debug;
		};
		521B008F1FB40FAA00AC7050 /* Release */ = {
			isa = XCBuildConfiguration;
			buildSettings = {
				ALWAYS_SEARCH_USER_PATHS = NO;
				CLANG_ANALYZER_LOCALIZABILITY_NONLOCALIZED = YES;
				CLANG_ANALYZER_NONNULL = YES;
				CLANG_ANALYZER_NUMBER_OBJECT_CONVERSION = YES_AGGRESSIVE;
				CLANG_CXX_LANGUAGE_STANDARD = "gnu++0x";
				CLANG_CXX_LIBRARY = "libc++";
				CLANG_ENABLE_MODULES = YES;
				CLANG_ENABLE_OBJC_ARC = YES;
				CLANG_WARN_BLOCK_CAPTURE_AUTORELEASING = YES;
				CLANG_WARN_BOOL_CONVERSION = YES;
				CLANG_WARN_COMMA = YES;
				CLANG_WARN_CONSTANT_CONVERSION = YES;
				CLANG_WARN_DEPRECATED_OBJC_IMPLEMENTATIONS = YES;
				CLANG_WARN_DIRECT_OBJC_ISA_USAGE = YES_ERROR;
				CLANG_WARN_DOCUMENTATION_COMMENTS = YES;
				CLANG_WARN_EMPTY_BODY = YES;
				CLANG_WARN_ENUM_CONVERSION = YES;
				CLANG_WARN_INFINITE_RECURSION = YES;
				CLANG_WARN_INT_CONVERSION = YES;
				CLANG_WARN_NON_LITERAL_NULL_CONVERSION = YES;
				CLANG_WARN_OBJC_IMPLICIT_RETAIN_SELF = YES;
				CLANG_WARN_OBJC_LITERAL_CONVERSION = YES;
				CLANG_WARN_OBJC_ROOT_CLASS = YES_ERROR;
				CLANG_WARN_QUOTED_INCLUDE_IN_FRAMEWORK_HEADER = YES;
				CLANG_WARN_RANGE_LOOP_ANALYSIS = YES;
				CLANG_WARN_STRICT_PROTOTYPES = YES;
				CLANG_WARN_SUSPICIOUS_MOVE = YES;
				CLANG_WARN_UNREACHABLE_CODE = YES;
				CLANG_WARN__DUPLICATE_METHOD_MATCH = YES;
				CODE_SIGN_IDENTITY = "-";
				COPY_PHASE_STRIP = NO;
				DEBUG_INFORMATION_FORMAT = "dwarf-with-dsym";
				ENABLE_HARDENED_RUNTIME = YES;
				ENABLE_NS_ASSERTIONS = NO;
				ENABLE_STRICT_OBJC_MSGSEND = YES;
				GCC_C_LANGUAGE_STANDARD = gnu99;
				GCC_NO_COMMON_BLOCKS = YES;
				GCC_WARN_64_TO_32_BIT_CONVERSION = YES;
				GCC_WARN_ABOUT_RETURN_TYPE = YES_ERROR;
				GCC_WARN_UNDECLARED_SELECTOR = YES;
				GCC_WARN_UNINITIALIZED_AUTOS = YES_AGGRESSIVE;
				GCC_WARN_UNUSED_FUNCTION = YES;
				GCC_WARN_UNUSED_VARIABLE = YES;
				MACOSX_DEPLOYMENT_TARGET = 10.10;
				MTL_ENABLE_DEBUG_INFO = NO;
				SDKROOT = macosx;
				SWIFT_OPTIMIZATION_LEVEL = "-Owholemodule";
			};
			name = Release;
		};
		521B00911FB40FAA00AC7050 /* Debug */ = {
			isa = XCBuildConfiguration;
			buildSettings = {
				ASSETCATALOG_COMPILER_APPICON_NAME = AppIcon;
				CODE_SIGN_IDENTITY = "Mac Developer";
				COMBINE_HIDPI_IMAGES = YES;
				CURRENT_PROJECT_VERSION = 14;
				DEVELOPMENT_TEAM = 3YE4W86L3G;
				ENABLE_HARDENED_RUNTIME = YES;
				INFOPLIST_FILE = "Keyboard Installer/Info.plist";
				LD_RUNPATH_SEARCH_PATHS = "$(inherited) @executable_path/../Frameworks";
				MACOSX_DEPLOYMENT_TARGET = 10.10;
				PRODUCT_BUNDLE_IDENTIFIER = "org.sil.Keyboard-Installer";
				PRODUCT_NAME = "$(TARGET_NAME)";
				PROVISIONING_PROFILE_SPECIFIER = "";
				SWIFT_VERSION = 5.0;
			};
			name = Debug;
		};
		521B00921FB40FAA00AC7050 /* Release */ = {
			isa = XCBuildConfiguration;
			buildSettings = {
				ASSETCATALOG_COMPILER_APPICON_NAME = AppIcon;
				CODE_SIGN_IDENTITY = "Mac Developer";
				COMBINE_HIDPI_IMAGES = YES;
				CURRENT_PROJECT_VERSION = 14;
				DEVELOPMENT_TEAM = 3YE4W86L3G;
				ENABLE_HARDENED_RUNTIME = YES;
				INFOPLIST_FILE = "Keyboard Installer/Info.plist";
				LD_RUNPATH_SEARCH_PATHS = "$(inherited) @executable_path/../Frameworks";
				MACOSX_DEPLOYMENT_TARGET = 10.10;
				PRODUCT_BUNDLE_IDENTIFIER = "org.sil.Keyboard-Installer";
				PRODUCT_NAME = "$(TARGET_NAME)";
				PROVISIONING_PROFILE_SPECIFIER = "";
				SWIFT_VERSION = 5.0;
			};
			name = Release;
		};
		521B00A71FB43D5E00AC7050 /* Debug */ = {
			isa = XCBuildConfiguration;
			buildSettings = {
				CODE_SIGN_IDENTITY = "Apple Development";
				DEVELOPMENT_TEAM = 3YE4W86L3G;
				PRODUCT_NAME = "$(TARGET_NAME)";
				SWIFT_VERSION = 3.0;
			};
			name = Debug;
		};
		521B00A81FB43D5E00AC7050 /* Release */ = {
			isa = XCBuildConfiguration;
			buildSettings = {
				CODE_SIGN_IDENTITY = "Apple Development";
				DEVELOPMENT_TEAM = 3YE4W86L3G;
				PRODUCT_NAME = "$(TARGET_NAME)";
				SWIFT_VERSION = 3.0;
			};
			name = Release;
		};
/* End XCBuildConfiguration section */

/* Begin XCConfigurationList section */
		521B007C1FB40FAA00AC7050 /* Build configuration list for PBXProject "Keyboard Installer" */ = {
			isa = XCConfigurationList;
			buildConfigurations = (
				521B008E1FB40FAA00AC7050 /* Debug */,
				521B008F1FB40FAA00AC7050 /* Release */,
			);
			defaultConfigurationIsVisible = 0;
			defaultConfigurationName = Release;
		};
		521B00901FB40FAA00AC7050 /* Build configuration list for PBXNativeTarget "Keyboard Installer" */ = {
			isa = XCConfigurationList;
			buildConfigurations = (
				521B00911FB40FAA00AC7050 /* Debug */,
				521B00921FB40FAA00AC7050 /* Release */,
			);
			defaultConfigurationIsVisible = 0;
			defaultConfigurationName = Release;
		};
		521B00A61FB43D5E00AC7050 /* Build configuration list for PBXNativeTarget "KIFileMover" */ = {
			isa = XCConfigurationList;
			buildConfigurations = (
				521B00A71FB43D5E00AC7050 /* Debug */,
				521B00A81FB43D5E00AC7050 /* Release */,
			);
			defaultConfigurationIsVisible = 0;
			defaultConfigurationName = Release;
		};
/* End XCConfigurationList section */
	};
	rootObject = 521B00791FB40FAA00AC7050 /* Project object */;
}
